// !$*UTF8*$!
{
	archiveVersion = 1;
	classes = {
	};
	objectVersion = 45;
	objects = {

/* Begin PBXFileReference section */
		C62D120210218EDC00469DF2 /* edison.cpp */ = {isa = PBXFileReference; fileEncoding = 4; lastKnownFileType = sourcecode.cpp.cpp; name = edison.cpp; path = "GPU Computing/C/src/MeanShift/edison.cpp"; sourceTree = DEVELOPER_DIR; };
		C62D120310218EDC00469DF2 /* edison.h */ = {isa = PBXFileReference; fileEncoding = 4; lastKnownFileType = sourcecode.c.h; name = edison.h; path = "GPU Computing/C/src/MeanShift/edison.h"; sourceTree = DEVELOPER_DIR; };
		C62D120410218EDC00469DF2 /* filter.cpp */ = {isa = PBXFileReference; fileEncoding = 4; lastKnownFileType = sourcecode.cpp.cpp; name = filter.cpp; path = "GPU Computing/C/src/MeanShift/filter.cpp"; sourceTree = DEVELOPER_DIR; };
		C62D120510218EDC00469DF2 /* filter.h */ = {isa = PBXFileReference; fileEncoding = 4; lastKnownFileType = sourcecode.c.h; name = filter.h; path = "GPU Computing/C/src/MeanShift/filter.h"; sourceTree = DEVELOPER_DIR; };
		C62D120610218EDC00469DF2 /* main.cpp */ = {isa = PBXFileReference; fileEncoding = 4; lastKnownFileType = sourcecode.cpp.cpp; name = main.cpp; path = "GPU Computing/C/src/MeanShift/main.cpp"; sourceTree = DEVELOPER_DIR; };
		C62D120710218EDC00469DF2 /* Makefile */ = {isa = PBXFileReference; fileEncoding = 4; lastKnownFileType = sourcecode.make; name = Makefile; path = "GPU Computing/C/src/MeanShift/Makefile"; sourceTree = DEVELOPER_DIR; };
		C62D120810218EDC00469DF2 /* meanshift.cpp */ = {isa = PBXFileReference; fileEncoding = 4; lastKnownFileType = sourcecode.cpp.cpp; name = meanshift.cpp; path = "GPU Computing/C/src/MeanShift/meanshift.cpp"; sourceTree = DEVELOPER_DIR; };
		C62D120910218EDC00469DF2 /* rgbluv.cpp */ = {isa = PBXFileReference; fileEncoding = 4; lastKnownFileType = sourcecode.cpp.cpp; name = rgbluv.cpp; path = "GPU Computing/C/src/MeanShift/rgbluv.cpp"; sourceTree = DEVELOPER_DIR; };
		C62D120A10218EDC00469DF2 /* rgbluv.h */ = {isa = PBXFileReference; fileEncoding = 4; lastKnownFileType = sourcecode.c.h; name = rgbluv.h; path = "GPU Computing/C/src/MeanShift/rgbluv.h"; sourceTree = DEVELOPER_DIR; };
		C62D120B10218EDC00469DF2 /* rlist.cpp */ = {isa = PBXFileReference; fileEncoding = 4; lastKnownFileType = sourcecode.cpp.cpp; name = rlist.cpp; path = "GPU Computing/C/src/MeanShift/rlist.cpp"; sourceTree = DEVELOPER_DIR; };
		C62D120C10218EDC00469DF2 /* rlist.h */ = {isa = PBXFileReference; fileEncoding = 4; lastKnownFileType = sourcecode.c.h; name = rlist.h; path = "GPU Computing/C/src/MeanShift/rlist.h"; sourceTree = DEVELOPER_DIR; };
		C62D120D10218EDC00469DF2 /* setprecisionandrounding.cpp */ = {isa = PBXFileReference; fileEncoding = 4; lastKnownFileType = sourcecode.cpp.cpp; name = setprecisionandrounding.cpp; path = "GPU Computing/C/src/MeanShift/setprecisionandrounding.cpp"; sourceTree = DEVELOPER_DIR; };
		C62D120E10218F1800469DF2 /* common.mk */ = {isa = PBXFileReference; fileEncoding = 4; lastKnownFileType = text; name = common.mk; path = "GPU Computing/C/common/common.mk"; sourceTree = DEVELOPER_DIR; };
		C62D120F10218F4400469DF2 /* meanshiftfilter_gold.cpp */ = {isa = PBXFileReference; fileEncoding = 4; lastKnownFileType = sourcecode.cpp.cpp; name = meanshiftfilter_gold.cpp; path = "GPU Computing/C/src/MeanShift/meanshiftfilter_gold.cpp"; sourceTree = DEVELOPER_DIR; };
		C62D121010218F4400469DF2 /* meanshiftfilter_kernel.cu */ = {isa = PBXFileReference; fileEncoding = 4; lastKnownFileType = sourcecode.cuda; name = meanshiftfilter_kernel.cu; path = "GPU Computing/C/src/MeanShift/meanshiftfilter_kernel.cu"; sourceTree = DEVELOPER_DIR; };
		C62D12E91021AABC00469DF2 /* meanshiftfilter_kernel.ptx */ = {isa = PBXFileReference; fileEncoding = 4; lastKnownFileType = text; name = meanshiftfilter_kernel.ptx; path = "GPU Computing/C/src/MeanShift/meanshiftfilter_kernel.ptx"; sourceTree = DEVELOPER_DIR; };
		C62D12EA1021AABC00469DF2 /* meanshiftfilter_kernel.sm_10.cubin */ = {isa = PBXFileReference; fileEncoding = 4; lastKnownFileType = text; name = meanshiftfilter_kernel.sm_10.cubin; path = "GPU Computing/C/src/MeanShift/meanshiftfilter_kernel.sm_10.cubin"; sourceTree = DEVELOPER_DIR; };
/* End PBXFileReference section */

/* Begin PBXGroup section */
		08FB7794FE84155DC02AAC07 /* MeanShift */ = {
			isa = PBXGroup;
			children = (
				C62D120710218EDC00469DF2 /* Makefile */,
				C6CBEBC0100BB2D600A70431 /* CUDA */,
				C6779BBD100B99F4000B8058 /* Source */,
				C62D11F610207EA300469DF2 /* Intermediate Files */,
			);
			name = MeanShift;
			sourceTree = "<group>";
		};
		C62D11F610207EA300469DF2 /* Intermediate Files */ = {
			isa = PBXGroup;
			children = (
				C62D12E91021AABC00469DF2 /* meanshiftfilter_kernel.ptx */,
				C62D12EA1021AABC00469DF2 /* meanshiftfilter_kernel.sm_10.cubin */,
			);
			name = "Intermediate Files";
			sourceTree = "<group>";
		};
		C6779BBD100B99F4000B8058 /* Source */ = {
			isa = PBXGroup;
			children = (
				C62D120F10218F4400469DF2 /* meanshiftfilter_gold.cpp */,
				C62D121010218F4400469DF2 /* meanshiftfilter_kernel.cu */,
				C62D120210218EDC00469DF2 /* edison.cpp */,
				C62D120310218EDC00469DF2 /* edison.h */,
				C62D120410218EDC00469DF2 /* filter.cpp */,
				C62D120510218EDC00469DF2 /* filter.h */,
				C62D120610218EDC00469DF2 /* main.cpp */,
				C62D120810218EDC00469DF2 /* meanshift.cpp */,
				C62D120910218EDC00469DF2 /* rgbluv.cpp */,
				C62D120A10218EDC00469DF2 /* rgbluv.h */,
				C62D120B10218EDC00469DF2 /* rlist.cpp */,
				C62D120C10218EDC00469DF2 /* rlist.h */,
				C62D120D10218EDC00469DF2 /* setprecisionandrounding.cpp */,
			);
			name = Source;
			sourceTree = "<group>";
		};
		C6CBEBC0100BB2D600A70431 /* CUDA */ = {
			isa = PBXGroup;
			children = (
				C62D120E10218F1800469DF2 /* common.mk */,
			);
			name = CUDA;
			sourceTree = "<group>";
		};
/* End PBXGroup section */

/* Begin PBXLegacyTarget section */
		C6779BC8100B9A5D000B8058 /* MeanShift */ = {
			isa = PBXLegacyTarget;
			buildArgumentsString = "$(ACTION)";
			buildConfigurationList = C6779BD1100B9A61000B8058 /* Build configuration list for PBXLegacyTarget "MeanShift" */;
			buildPhases = (
			);
			buildToolPath = /usr/bin/make;
			dependencies = (
			);
			name = MeanShift;
			passBuildSettingsInEnvironment = 1;
			productName = MeanShift;
		};
/* End PBXLegacyTarget section */

/* Begin PBXProject section */
		08FB7793FE84155DC02AAC07 /* Project object */ = {
			isa = PBXProject;
			buildConfigurationList = 1DEB919308733D9F0010E9CD /* Build configuration list for PBXProject "MeanShift" */;
			compatibilityVersion = "Xcode 3.1";
			hasScannedForEncodings = 1;
			mainGroup = 08FB7794FE84155DC02AAC07 /* MeanShift */;
			projectDirPath = "";
			projectRoot = "";
			targets = (
				C6779BC8100B9A5D000B8058 /* MeanShift */,
			);
		};
/* End PBXProject section */

/* Begin XCBuildConfiguration section */
		1DEB919408733D9F0010E9CD /* Debug */ = {
			isa = XCBuildConfiguration;
			buildSettings = {
				ARCHS = "$(ARCHS_STANDARD_32_BIT)";
				GCC_WARN_ABOUT_RETURN_TYPE = YES;
				GCC_WARN_UNUSED_VARIABLE = YES;
				ONLY_ACTIVE_ARCH = YES;
				PREBINDING = NO;
				SDKROOT = macosx10.5;
			};
			name = Debug;
		};
		1DEB919508733D9F0010E9CD /* Release */ = {
			isa = XCBuildConfiguration;
			buildSettings = {
				ARCHS = "$(ARCHS_STANDARD_32_BIT)";
				GCC_WARN_ABOUT_RETURN_TYPE = YES;
				GCC_WARN_UNUSED_VARIABLE = YES;
				PREBINDING = NO;
				SDKROOT = macosx10.5;
			};
			name = Release;
		};
		C6779BC9100B9A5D000B8058 /* Debug */ = {
			isa = XCBuildConfiguration;
			buildSettings = {
				COPY_PHASE_STRIP = NO;
				GCC_DYNAMIC_NO_PIC = NO;
				GCC_OPTIMIZATION_LEVEL = 0;
				PRODUCT_NAME = MeanShift;
			};
			name = Debug;
		};
		C6779BCA100B9A5D000B8058 /* Release */ = {
			isa = XCBuildConfiguration;
			buildSettings = {
				COPY_PHASE_STRIP = YES;
				DEBUG_INFORMATION_FORMAT = "dwarf-with-dsym";
				GCC_ENABLE_FIX_AND_CONTINUE = NO;
				PRODUCT_NAME = MeanShift;
				ZERO_LINK = NO;
			};
			name = Release;
		};
/* End XCBuildConfiguration section */

/* Begin XCConfigurationList section */
		1DEB919308733D9F0010E9CD /* Build configuration list for PBXProject "MeanShift" */ = {
			isa = XCConfigurationList;
			buildConfigurations = (
				1DEB919408733D9F0010E9CD /* Debug */,
				1DEB919508733D9F0010E9CD /* Release */,
			);
			defaultConfigurationIsVisible = 0;
			defaultConfigurationName = Release;
		};
		C6779BD1100B9A61000B8058 /* Build configuration list for PBXLegacyTarget "MeanShift" */ = {
			isa = XCConfigurationList;
			buildConfigurations = (
				C6779BC9100B9A5D000B8058 /* Debug */,
				C6779BCA100B9A5D000B8058 /* Release */,
			);
			defaultConfigurationIsVisible = 0;
			defaultConfigurationName = Release;
		};
/* End XCConfigurationList section */
	};
	rootObject = 08FB7793FE84155DC02AAC07 /* Project object */;
}
